
Microsoft Visual Studio Solution File, Format Version 12.00
# Visual Studio Version 16
VisualStudioVersion = 16.0.30907.101
MinimumVisualStudioVersion = 10.0.40219.1
Project("{FAE04EC0-301F-11D3-BF4B-00C04F79EFBC}") = "Ejercicio4_a171291", "Ejercicio4_a171291\Ejercicio4_a171291.csproj", "{1B0CC56C-9C5E-4A3B-AD5F-7152D13C393D}"
EndProject
Global
	GlobalSection(SolutionConfigurationPlatforms) = preSolution
		Debug|Any CPU = Debug|Any CPU
		Release|Any CPU = Release|Any CPU
	EndGlobalSection
	GlobalSection(ProjectConfigurationPlatforms) = postSolution
		{1B0CC56C-9C5E-4A3B-AD5F-7152D13C393D}.Debug|Any CPU.ActiveCfg = Debug|Any CPU
		{1B0CC56C-9C5E-4A3B-AD5F-7152D13C393D}.Debug|Any CPU.Build.0 = Debug|Any CPU
		{1B0CC56C-9C5E-4A3B-AD5F-7152D13C393D}.Release|Any CPU.ActiveCfg = Release|Any CPU
		{1B0CC56C-9C5E-4A3B-AD5F-7152D13C393D}.Release|Any CPU.Build.0 = Release|Any CPU
	EndGlobalSection
	GlobalSection(SolutionProperties) = preSolution
		HideSolutionNode = FALSE
	EndGlobalSection
	GlobalSection(ExtensibilityGlobals) = postSolution
		SolutionGuid = {AAE7FC73-8899-45A4-9801-4C2CC1EC46C1}
	EndGlobalSection
EndGlobal
